<?xml version="1.0" encoding="utf-8"?>
<Project ToolsVersion="4.0" xmlns="http://schemas.microsoft.com/developer/msbuild/2003">
  <ItemGroup>
    <Filter Include="Source Files">
      <UniqueIdentifier>{4FC737F1-C7A5-4376-A066-2A32D752A2FF}</UniqueIdentifier>
      <Extensions>cpp;c;cc;cxx;c++;cppm;ixx;def;odl;idl;hpj;bat;asm;asmx</Extensions>
    </Filter>
    <Filter Include="Resource Files">
      <UniqueIdentifier>{67DA6AB6-F800-4c08-8B7A-83BB121AAD01}</UniqueIdentifier>
      <Extensions>rc;ico;cur;bmp;dlg;rc2;rct;bin;rgs;gif;jpg;jpeg;jpe;resx;tiff;tif;png;wav;mfcribbon-ms</Extensions>
    </Filter>
    <Filter Include="Headers">
      <UniqueIdentifier>{5ea6c7e9-68e5-4791-b4e8-d20f3aabd547}</UniqueIdentifier>
    </Filter>
  </ItemGroup>
  <ItemGroup>
    <ClCompile Include="src\Bitboard.cpp">
      <Filter>Source Files</Filter>
    </ClCompile>
    <ClCompile Include="src\ChessAI.cpp">
      <Filter>Source Files</Filter>
    </ClCompile>
    <ClCompile Include="src\ChessBoard.cpp">
      <Filter>Source Files</Filter>
    </ClCompile>
    <ClCompile Include="src\Magic.cpp">
      <Filter>Source Files</Filter>
    </ClCompile>
    <ClCompile Include="src\Moves.cpp">
      <Filter>Source Files</Filter>
    </ClCompile>
    <ClCompile Include="src\MoveTables.cpp">
      <Filter>Source Files</Filter>
    </ClCompile>
    <ClCompile Include="src\pch.cpp">
      <Filter>Source Files</Filter>
    </ClCompile>
    <ClCompile Include="src\Tables.cpp">
      <Filter>Source Files</Filter>
    </ClCompile>
    <ClCompile Include="src\ChessEngineExports.cpp">
      <Filter>Source Files</Filter>
    </ClCompile>
  </ItemGroup>
  <ItemGroup>
    <ClInclude Include="include\Bitboard.hpp">
      <Filter>Headers</Filter>
    </ClInclude>
    <ClInclude Include="include\BitboardConstants.hpp">
      <Filter>Headers</Filter>
    </ClInclude>
    <ClInclude Include="include\ChessAI.hpp">
      <Filter>Headers</Filter>
    </ClInclude>
    <ClInclude Include="include\ChessBoard.hpp">
      <Filter>Headers</Filter>
    </ClInclude>
    <ClInclude Include="include\ChessEngineExports.hpp">
      <Filter>Headers</Filter>
    </ClInclude>
    <ClInclude Include="include\CustomTypes.hpp">
      <Filter>Headers</Filter>
    </ClInclude>
    <ClInclude Include="include\Magic.hpp">
      <Filter>Headers</Filter>
    </ClInclude>
    <ClInclude Include="include\Moves.hpp">
      <Filter>Headers</Filter>
    </ClInclude>
    <ClInclude Include="include\MoveTables.hpp">
      <Filter>Headers</Filter>
    </ClInclude>
    <ClInclude Include="include\Scoring.hpp">
      <Filter>Headers</Filter>
    </ClInclude>
    <ClInclude Include="include\Tables.hpp">
      <Filter>Headers</Filter>
    </ClInclude>
    <ClInclude Include="include\Utils.hpp">
      <Filter>Headers</Filter>
    </ClInclude>
    <ClInclude Include="include\pch.h">
      <Filter>Headers</Filter>
    </ClInclude>
  </ItemGroup>
</Project>